// !$*UTF8*$!
{
	archiveVersion = 1;
	classes = {
	};
	objectVersion = 50;
	objects = {

/* Begin PBXBuildFile section */
		3A8FD12021B73BD7005748CC /* AppDelegate.swift in Sources */ = {isa = PBXBuildFile; fileRef = 3A8FD11F21B73BD7005748CC /* AppDelegate.swift */; };
		3A8FD12221B73BD7005748CC /* ProfileSummaryView.swift in Sources */ = {isa = PBXBuildFile; fileRef = 3A8FD12121B73BD7005748CC /* ProfileSummaryView.swift */; };
		3A8FD12521B73BD7005748CC /* Main.storyboard in Resources */ = {isa = PBXBuildFile; fileRef = 3A8FD12321B73BD7005748CC /* Main.storyboard */; };
		3A8FD12821B73BD7005748CC /* PolarityTE.xcdatamodeld in Sources */ = {isa = PBXBuildFile; fileRef = 3A8FD12621B73BD7005748CC /* PolarityTE.xcdatamodeld */; };
		3A8FD12A21B73BDB005748CC /* Assets.xcassets in Resources */ = {isa = PBXBuildFile; fileRef = 3A8FD12921B73BDB005748CC /* Assets.xcassets */; };
		3A8FD12D21B73BDB005748CC /* LaunchScreen.storyboard in Resources */ = {isa = PBXBuildFile; fileRef = 3A8FD12B21B73BDB005748CC /* LaunchScreen.storyboard */; };
		3A8FD13521B7414A005748CC /* ProfileView.swift in Sources */ = {isa = PBXBuildFile; fileRef = 3A8FD13421B7414A005748CC /* ProfileView.swift */; };
		3A8FD13721B7469D005748CC /* ProfileView.storyboard in Resources */ = {isa = PBXBuildFile; fileRef = 3A8FD13621B7469D005748CC /* ProfileView.storyboard */; };
		3A8FD13921B7478A005748CC /* HTTP_Client.swift in Sources */ = {isa = PBXBuildFile; fileRef = 3A8FD13821B74789005748CC /* HTTP_Client.swift */; };
		3A8FD14321B748B5005748CC /* URLS.swift in Sources */ = {isa = PBXBuildFile; fileRef = 3A8FD14221B748B5005748CC /* URLS.swift */; };
/* End PBXBuildFile section */

/* Begin PBXFileReference section */
		3A8FD11C21B73BD7005748CC /* PolarityTE.app */ = {isa = PBXFileReference; explicitFileType = wrapper.application; includeInIndex = 0; path = PolarityTE.app; sourceTree = BUILT_PRODUCTS_DIR; };
		3A8FD11F21B73BD7005748CC /* AppDelegate.swift */ = {isa = PBXFileReference; lastKnownFileType = sourcecode.swift; path = AppDelegate.swift; sourceTree = "<group>"; };
		3A8FD12121B73BD7005748CC /* ProfileSummaryView.swift */ = {isa = PBXFileReference; lastKnownFileType = sourcecode.swift; path = ProfileSummaryView.swift; sourceTree = "<group>"; };
		3A8FD12421B73BD7005748CC /* Base */ = {isa = PBXFileReference; lastKnownFileType = file.storyboard; name = Base; path = Base.lproj/Main.storyboard; sourceTree = "<group>"; };
		3A8FD12721B73BD7005748CC /* PolarityTE.xcdatamodel */ = {isa = PBXFileReference; lastKnownFileType = wrapper.xcdatamodel; path = PolarityTE.xcdatamodel; sourceTree = "<group>"; };
		3A8FD12921B73BDB005748CC /* Assets.xcassets */ = {isa = PBXFileReference; lastKnownFileType = folder.assetcatalog; path = Assets.xcassets; sourceTree = "<group>"; };
		3A8FD12C21B73BDB005748CC /* Base */ = {isa = PBXFileReference; lastKnownFileType = file.storyboard; name = Base; path = Base.lproj/LaunchScreen.storyboard; sourceTree = "<group>"; };
		3A8FD12E21B73BDB005748CC /* Info.plist */ = {isa = PBXFileReference; lastKnownFileType = text.plist.xml; path = Info.plist; sourceTree = "<group>"; };
		3A8FD13421B7414A005748CC /* ProfileView.swift */ = {isa = PBXFileReference; lastKnownFileType = sourcecode.swift; path = ProfileView.swift; sourceTree = "<group>"; };
		3A8FD13621B7469D005748CC /* ProfileView.storyboard */ = {isa = PBXFileReference; lastKnownFileType = file.storyboard; path = ProfileView.storyboard; sourceTree = "<group>"; };
		3A8FD13821B74789005748CC /* HTTP_Client.swift */ = {isa = PBXFileReference; lastKnownFileType = sourcecode.swift; path = HTTP_Client.swift; sourceTree = "<group>"; };
		3A8FD14221B748B5005748CC /* URLS.swift */ = {isa = PBXFileReference; lastKnownFileType = sourcecode.swift; path = URLS.swift; sourceTree = "<group>"; };
/* End PBXFileReference section */

/* Begin PBXFrameworksBuildPhase section */
		3A8FD11921B73BD7005748CC /* Frameworks */ = {
			isa = PBXFrameworksBuildPhase;
			buildActionMask = 2147483647;
			files = (
			);
			runOnlyForDeploymentPostprocessing = 0;
		};
/* End PBXFrameworksBuildPhase section */

/* Begin PBXGroup section */
		3A8FD11321B73BD7005748CC = {
			isa = PBXGroup;
			children = (
				3A8FD11E21B73BD7005748CC /* PolarityTE */,
				3A8FD11D21B73BD7005748CC /* Products */,
			);
			sourceTree = "<group>";
		};
		3A8FD11D21B73BD7005748CC /* Products */ = {
			isa = PBXGroup;
			children = (
				3A8FD11C21B73BD7005748CC /* PolarityTE.app */,
			);
			name = Products;
			sourceTree = "<group>";
		};
		3A8FD11E21B73BD7005748CC /* PolarityTE */ = {
			isa = PBXGroup;
			children = (
				3A8FD14121B7482D005748CC /* Views */,
				3A8FD14021B74816005748CC /* Support Files */,
				3A8FD13E21B747E6005748CC /* Data Models */,
				3A8FD13D21B747D6005748CC /* Constants */,
				3A8FD13C21B747CF005748CC /* Extensions */,
				3A8FD13B21B747C7005748CC /* Assets */,
				3A8FD13821B74789005748CC /* HTTP_Client.swift */,
			);
			path = PolarityTE;
			sourceTree = "<group>";
		};
		3A8FD13B21B747C7005748CC /* Assets */ = {
			isa = PBXGroup;
			children = (
				3A8FD12921B73BDB005748CC /* Assets.xcassets */,
			);
			path = Assets;
			sourceTree = "<group>";
		};
		3A8FD13C21B747CF005748CC /* Extensions */ = {
			isa = PBXGroup;
			children = (
			);
			path = Extensions;
			sourceTree = "<group>";
		};
		3A8FD13D21B747D6005748CC /* Constants */ = {
			isa = PBXGroup;
			children = (
				3A8FD14221B748B5005748CC /* URLS.swift */,
			);
			path = Constants;
			sourceTree = "<group>";
		};
		3A8FD13E21B747E6005748CC /* Data Models */ = {
			isa = PBXGroup;
			children = (
				3A8FD12621B73BD7005748CC /* PolarityTE.xcdatamodeld */,
			);
			path = "Data Models";
			sourceTree = "<group>";
		};
		3A8FD14021B74816005748CC /* Support Files */ = {
			isa = PBXGroup;
			children = (
				3A8FD12E21B73BDB005748CC /* Info.plist */,
				3A8FD12B21B73BDB005748CC /* LaunchScreen.storyboard */,
				3A8FD11F21B73BD7005748CC /* AppDelegate.swift */,
			);
			path = "Support Files";
			sourceTree = "<group>";
		};
		3A8FD14121B7482D005748CC /* Views */ = {
			isa = PBXGroup;
			children = (
				3A8FD12321B73BD7005748CC /* Main.storyboard */,
				3A8FD12121B73BD7005748CC /* ProfileSummaryView.swift */,
				3A8FD13621B7469D005748CC /* ProfileView.storyboard */,
				3A8FD13421B7414A005748CC /* ProfileView.swift */,
			);
			path = Views;
			sourceTree = "<group>";
		};
/* End PBXGroup section */

/* Begin PBXNativeTarget section */
		3A8FD11B21B73BD7005748CC /* PolarityTE */ = {
			isa = PBXNativeTarget;
			buildConfigurationList = 3A8FD13121B73BDB005748CC /* Build configuration list for PBXNativeTarget "PolarityTE" */;
			buildPhases = (
				3A8FD11821B73BD7005748CC /* Sources */,
				3A8FD11921B73BD7005748CC /* Frameworks */,
				3A8FD11A21B73BD7005748CC /* Resources */,
			);
			buildRules = (
			);
			dependencies = (
			);
			name = PolarityTE;
			productName = PolarityTE;
			productReference = 3A8FD11C21B73BD7005748CC /* PolarityTE.app */;
			productType = "com.apple.product-type.application";
		};
/* End PBXNativeTarget section */

/* Begin PBXProject section */
		3A8FD11421B73BD7005748CC /* Project object */ = {
			isa = PBXProject;
			attributes = {
				LastSwiftUpdateCheck = 1010;
				LastUpgradeCheck = 1010;
				ORGANIZATIONNAME = "Joel Arcos";
				TargetAttributes = {
					3A8FD11B21B73BD7005748CC = {
						CreatedOnToolsVersion = 10.1;
					};
				};
			};
			buildConfigurationList = 3A8FD11721B73BD7005748CC /* Build configuration list for PBXProject "PolarityTE" */;
			compatibilityVersion = "Xcode 9.3";
			developmentRegion = en;
			hasScannedForEncodings = 0;
			knownRegions = (
				en,
				Base,
			);
			mainGroup = 3A8FD11321B73BD7005748CC;
			productRefGroup = 3A8FD11D21B73BD7005748CC /* Products */;
			projectDirPath = "";
			projectRoot = "";
			targets = (
				3A8FD11B21B73BD7005748CC /* PolarityTE */,
			);
		};
/* End PBXProject section */

/* Begin PBXResourcesBuildPhase section */
		3A8FD11A21B73BD7005748CC /* Resources */ = {
			isa = PBXResourcesBuildPhase;
			buildActionMask = 2147483647;
			files = (
				3A8FD12D21B73BDB005748CC /* LaunchScreen.storyboard in Resources */,
				3A8FD13721B7469D005748CC /* ProfileView.storyboard in Resources */,
				3A8FD12A21B73BDB005748CC /* Assets.xcassets in Resources */,
				3A8FD12521B73BD7005748CC /* Main.storyboard in Resources */,
			);
			runOnlyForDeploymentPostprocessing = 0;
		};
/* End PBXResourcesBuildPhase section */

/* Begin PBXSourcesBuildPhase section */
		3A8FD11821B73BD7005748CC /* Sources */ = {
			isa = PBXSourcesBuildPhase;
			buildActionMask = 2147483647;
			files = (
				3A8FD13921B7478A005748CC /* HTTP_Client.swift in Sources */,
				3A8FD14321B748B5005748CC /* URLS.swift in Sources */,
				3A8FD13521B7414A005748CC /* ProfileView.swift in Sources */,
				3A8FD12221B73BD7005748CC /* ProfileSummaryView.swift in Sources */,
				3A8FD12021B73BD7005748CC /* AppDelegate.swift in Sources */,
				3A8FD12821B73BD7005748CC /* PolarityTE.xcdatamodeld in Sources */,
			);
			runOnlyForDeploymentPostprocessing = 0;
		};
/* End PBXSourcesBuildPhase section */

/* Begin PBXVariantGroup section */
		3A8FD12321B73BD7005748CC /* Main.storyboard */ = {
			isa = PBXVariantGroup;
			children = (
				3A8FD12421B73BD7005748CC /* Base */,
			);
			name = Main.storyboard;
			sourceTree = "<group>";
		};
		3A8FD12B21B73BDB005748CC /* LaunchScreen.storyboard */ = {
			isa = PBXVariantGroup;
			children = (
				3A8FD12C21B73BDB005748CC /* Base */,
			);
			name = LaunchScreen.storyboard;
			sourceTree = "<group>";
		};
/* End PBXVariantGroup section */

/* Begin XCBuildConfiguration section */
		3A8FD12F21B73BDB005748CC /* Debug */ = {
			isa = XCBuildConfiguration;
			buildSettings = {
				ALWAYS_SEARCH_USER_PATHS = NO;
				CLANG_ANALYZER_NONNULL = YES;
				CLANG_ANALYZER_NUMBER_OBJECT_CONVERSION = YES_AGGRESSIVE;
				CLANG_CXX_LANGUAGE_STANDARD = "gnu++14";
				CLANG_CXX_LIBRARY = "libc++";
				CLANG_ENABLE_MODULES = YES;
				CLANG_ENABLE_OBJC_ARC = YES;
				CLANG_ENABLE_OBJC_WEAK = YES;
				CLANG_WARN_BLOCK_CAPTURE_AUTORELEASING = YES;
				CLANG_WARN_BOOL_CONVERSION = YES;
				CLANG_WARN_COMMA = YES;
				CLANG_WARN_CONSTANT_CONVERSION = YES;
				CLANG_WARN_DEPRECATED_OBJC_IMPLEMENTATIONS = YES;
				CLANG_WARN_DIRECT_OBJC_ISA_USAGE = YES_ERROR;
				CLANG_WARN_DOCUMENTATION_COMMENTS = YES;
				CLANG_WARN_EMPTY_BODY = YES;
				CLANG_WARN_ENUM_CONVERSION = YES;
				CLANG_WARN_INFINITE_RECURSION = YES;
				CLANG_WARN_INT_CONVERSION = YES;
				CLANG_WARN_NON_LITERAL_NULL_CONVERSION = YES;
				CLANG_WARN_OBJC_IMPLICIT_RETAIN_SELF = YES;
				CLANG_WARN_OBJC_LITERAL_CONVERSION = YES;
				CLANG_WARN_OBJC_ROOT_CLASS = YES_ERROR;
				CLANG_WARN_RANGE_LOOP_ANALYSIS = YES;
				CLANG_WARN_STRICT_PROTOTYPES = YES;
				CLANG_WARN_SUSPICIOUS_MOVE = YES;
				CLANG_WARN_UNGUARDED_AVAILABILITY = YES_AGGRESSIVE;
				CLANG_WARN_UNREACHABLE_CODE = YES;
				CLANG_WARN__DUPLICATE_METHOD_MATCH = YES;
				CODE_SIGN_IDENTITY = "iPhone Developer";
				COPY_PHASE_STRIP = NO;
				DEBUG_INFORMATION_FORMAT = dwarf;
				ENABLE_STRICT_OBJC_MSGSEND = YES;
				ENABLE_TESTABILITY = YES;
				GCC_C_LANGUAGE_STANDARD = gnu11;
				GCC_DYNAMIC_NO_PIC = NO;
				GCC_NO_COMMON_BLOCKS = YES;
				GCC_OPTIMIZATION_LEVEL = 0;
				GCC_PREPROCESSOR_DEFINITIONS = (
					"DEBUG=1",
					"$(inherited)",
				);
				GCC_WARN_64_TO_32_BIT_CONVERSION = YES;
				GCC_WARN_ABOUT_RETURN_TYPE = YES_ERROR;
				GCC_WARN_UNDECLARED_SELECTOR = YES;
				GCC_WARN_UNINITIALIZED_AUTOS = YES_AGGRESSIVE;
				GCC_WARN_UNUSED_FUNCTION = YES;
				GCC_WARN_UNUSED_VARIABLE = YES;
				IPHONEOS_DEPLOYMENT_TARGET = 12.1;
				MTL_ENABLE_DEBUG_INFO = INCLUDE_SOURCE;
				MTL_FAST_MATH = YES;
				ONLY_ACTIVE_ARCH = YES;
				SDKROOT = iphoneos;
				SWIFT_ACTIVE_COMPILATION_CONDITIONS = DEBUG;
				SWIFT_OPTIMIZATION_LEVEL = "-Onone";
			};
			name = Debug;
		};
		3A8FD13021B73BDB005748CC /* Release */ = {
			isa = XCBuildConfiguration;
			buildSettings = {
				ALWAYS_SEARCH_USER_PATHS = NO;
				CLANG_ANALYZER_NONNULL = YES;
				CLANG_ANALYZER_NUMBER_OBJECT_CONVERSION = YES_AGGRESSIVE;
				CLANG_CXX_LANGUAGE_STANDARD = "gnu++14";
				CLANG_CXX_LIBRARY = "libc++";
				CLANG_ENABLE_MODULES = YES;
				CLANG_ENABLE_OBJC_ARC = YES;
				CLANG_ENABLE_OBJC_WEAK = YES;
				CLANG_WARN_BLOCK_CAPTURE_AUTORELEASING = YES;
				CLANG_WARN_BOOL_CONVERSION = YES;
				CLANG_WARN_COMMA = YES;
				CLANG_WARN_CONSTANT_CONVERSION = YES;
				CLANG_WARN_DEPRECATED_OBJC_IMPLEMENTATIONS = YES;
				CLANG_WARN_DIRECT_OBJC_ISA_USAGE = YES_ERROR;
				CLANG_WARN_DOCUMENTATION_COMMENTS = YES;
				CLANG_WARN_EMPTY_BODY = YES;
				CLANG_WARN_ENUM_CONVERSION = YES;
				CLANG_WARN_INFINITE_RECURSION = YES;
				CLANG_WARN_INT_CONVERSION = YES;
				CLANG_WARN_NON_LITERAL_NULL_CONVERSION = YES;
				CLANG_WARN_OBJC_IMPLICIT_RETAIN_SELF = YES;
				CLANG_WARN_OBJC_LITERAL_CONVERSION = YES;
				CLANG_WARN_OBJC_ROOT_CLASS = YES_ERROR;
				CLANG_WARN_RANGE_LOOP_ANALYSIS = YES;
				CLANG_WARN_STRICT_PROTOTYPES = YES;
				CLANG_WARN_SUSPICIOUS_MOVE = YES;
				CLANG_WARN_UNGUARDED_AVAILABILITY = YES_AGGRESSIVE;
				CLANG_WARN_UNREACHABLE_CODE = YES;
				CLANG_WARN__DUPLICATE_METHOD_MATCH = YES;
				CODE_SIGN_IDENTITY = "iPhone Developer";
				COPY_PHASE_STRIP = NO;
				DEBUG_INFORMATION_FORMAT = "dwarf-with-dsym";
				ENABLE_NS_ASSERTIONS = NO;
				ENABLE_STRICT_OBJC_MSGSEND = YES;
				GCC_C_LANGUAGE_STANDARD = gnu11;
				GCC_NO_COMMON_BLOCKS = YES;
				GCC_WARN_64_TO_32_BIT_CONVERSION = YES;
				GCC_WARN_ABOUT_RETURN_TYPE = YES_ERROR;
				GCC_WARN_UNDECLARED_SELECTOR = YES;
				GCC_WARN_UNINITIALIZED_AUTOS = YES_AGGRESSIVE;
				GCC_WARN_UNUSED_FUNCTION = YES;
				GCC_WARN_UNUSED_VARIABLE = YES;
				IPHONEOS_DEPLOYMENT_TARGET = 12.1;
				MTL_ENABLE_DEBUG_INFO = NO;
				MTL_FAST_MATH = YES;
				SDKROOT = iphoneos;
				SWIFT_COMPILATION_MODE = wholemodule;
				SWIFT_OPTIMIZATION_LEVEL = "-O";
				VALIDATE_PRODUCT = YES;
			};
			name = Release;
		};
		3A8FD13221B73BDB005748CC /* Debug */ = {
			isa = XCBuildConfiguration;
			buildSettings = {
				ASSETCATALOG_COMPILER_APPICON_NAME = AppIcon;
				CODE_SIGN_STYLE = Automatic;
				DEVELOPMENT_TEAM = U33ZFLNE92;
				INFOPLIST_FILE = "$(SRCROOT)/PolarityTE/Support Files/Info.plist";
				LD_RUNPATH_SEARCH_PATHS = (
					"$(inherited)",
					"@executable_path/Frameworks",
				);
				PRODUCT_BUNDLE_IDENTIFIER = com.myCo.PolarityTE;
				PRODUCT_NAME = "$(TARGET_NAME)";
				SWIFT_VERSION = 4.2;
				TARGETED_DEVICE_FAMILY = "1,2";
			};
			name = Debug;
		};
		3A8FD13321B73BDB005748CC /* Release */ = {
			isa = XCBuildConfiguration;
			buildSettings = {
				ASSETCATALOG_COMPILER_APPICON_NAME = AppIcon;
				CODE_SIGN_STYLE = Automatic;
				DEVELOPMENT_TEAM = U33ZFLNE92;
				INFOPLIST_FILE = "$(SRCROOT)/PolarityTE/Support Files/Info.plist";
				LD_RUNPATH_SEARCH_PATHS = (
					"$(inherited)",
					"@executable_path/Frameworks",
				);
				PRODUCT_BUNDLE_IDENTIFIER = com.myCo.PolarityTE;
				PRODUCT_NAME = "$(TARGET_NAME)";
				SWIFT_VERSION = 4.2;
				TARGETED_DEVICE_FAMILY = "1,2";
			};
			name = Release;
		};
/* End XCBuildConfiguration section */

/* Begin XCConfigurationList section */
		3A8FD11721B73BD7005748CC /* Build configuration list for PBXProject "PolarityTE" */ = {
			isa = XCConfigurationList;
			buildConfigurations = (
				3A8FD12F21B73BDB005748CC /* Debug */,
				3A8FD13021B73BDB005748CC /* Release */,
			);
			defaultConfigurationIsVisible = 0;
			defaultConfigurationName = Release;
		};
		3A8FD13121B73BDB005748CC /* Build configuration list for PBXNativeTarget "PolarityTE" */ = {
			isa = XCConfigurationList;
			buildConfigurations = (
				3A8FD13221B73BDB005748CC /* Debug */,
				3A8FD13321B73BDB005748CC /* Release */,
			);
			defaultConfigurationIsVisible = 0;
			defaultConfigurationName = Release;
		};
/* End XCConfigurationList section */

/* Begin XCVersionGroup section */
		3A8FD12621B73BD7005748CC /* PolarityTE.xcdatamodeld */ = {
			isa = XCVersionGroup;
			children = (
				3A8FD12721B73BD7005748CC /* PolarityTE.xcdatamodel */,
			);
			currentVersion = 3A8FD12721B73BD7005748CC /* PolarityTE.xcdatamodel */;
			path = PolarityTE.xcdatamodeld;
			sourceTree = "<group>";
			versionGroupType = wrapper.xcdatamodel;
		};
/* End XCVersionGroup section */
	};
	rootObject = 3A8FD11421B73BD7005748CC /* Project object */;
}
